
Microsoft Visual Studio Solution File, Format Version 12.00
# Visual Studio 15
VisualStudioVersion = 15.0.26730.10
MinimumVisualStudioVersion = 10.0.40219.1
Project("{FAE04EC0-301F-11D3-BF4B-00C04F79EFBC}") = "WpfApp2", "WpfApp2\WpfApp2.csproj", "{538ACCDE-EF7D-4B66-967F-286C35D4D65C}"
EndProject
Project("{FAE04EC0-301F-11D3-BF4B-00C04F79EFBC}") = "chineseChar", "chineseChar\chineseChar.csproj", "{CEA955D4-4497-4854-8418-88EA5B4A1DAA}"
EndProject
Global
	GlobalSection(SolutionConfigurationPlatforms) = preSolution
		Debug|Any CPU = Debug|Any CPU
		Release|Any CPU = Release|Any CPU
	EndGlobalSection
	GlobalSection(ProjectConfigurationPlatforms) = postSolution
		{538ACCDE-EF7D-4B66-967F-286C35D4D65C}.Debug|Any CPU.ActiveCfg = Debug|Any CPU
		{538ACCDE-EF7D-4B66-967F-286C35D4D65C}.Debug|Any CPU.Build.0 = Debug|Any CPU
		{538ACCDE-EF7D-4B66-967F-286C35D4D65C}.Release|Any CPU.ActiveCfg = Release|Any CPU
		{538ACCDE-EF7D-4B66-967F-286C35D4D65C}.Release|Any CPU.Build.0 = Release|Any CPU
		{CEA955D4-4497-4854-8418-88EA5B4A1DAA}.Debug|Any CPU.ActiveCfg = Debug|Any CPU
		{CEA955D4-4497-4854-8418-88EA5B4A1DAA}.Debug|Any CPU.Build.0 = Debug|Any CPU
		{CEA955D4-4497-4854-8418-88EA5B4A1DAA}.Release|Any CPU.ActiveCfg = Release|Any CPU
		{CEA955D4-4497-4854-8418-88EA5B4A1DAA}.Release|Any CPU.Build.0 = Release|Any CPU
	EndGlobalSection
	GlobalSection(SolutionProperties) = preSolution
		HideSolutionNode = FALSE
	EndGlobalSection
	GlobalSection(ExtensibilityGlobals) = postSolution
		SolutionGuid = {021CA76C-0D9A-4A44-A18F-D65E7366CAB5}
	EndGlobalSection
EndGlobal
